
Microsoft Visual Studio Solution File, Format Version 12.00
# Visual Studio Version 16
VisualStudioVersion = 16.0.30114.105
MinimumVisualStudioVersion = 10.0.40219.1
Project("{FAE04EC0-301F-11D3-BF4B-00C04F79EFBC}") = "Courses.Domain", "Courses.Domain\Courses.Domain.csproj", "{3C2ED6C7-B5B4-43C0-BAC3-F2D5805D4231}"
EndProject
Project("{FAE04EC0-301F-11D3-BF4B-00C04F79EFBC}") = "Courses.EfDataAccess", "Courses.EfDataAccess\Courses.EfDataAccess.csproj", "{BB101F4E-25B9-4564-A4DD-CB0D85EC6995}"
EndProject
Project("{FAE04EC0-301F-11D3-BF4B-00C04F79EFBC}") = "Courses.Application", "Courses.Application\Courses.Application.csproj", "{8EFBC48B-23EE-47FA-A6C6-ED345D55F9B2}"
EndProject
Project("{FAE04EC0-301F-11D3-BF4B-00C04F79EFBC}") = "Courses.Implementation", "Courses.Implementation\Courses.Implementation.csproj", "{32CF119A-1CEE-407F-B8A4-9515F84462F1}"
EndProject
Project("{FAE04EC0-301F-11D3-BF4B-00C04F79EFBC}") = "Courses.Api", "Courses.Api\Courses.Api.csproj", "{1A5FBA2A-C53C-47C2-8389-CE6D56053385}"
EndProject
Global
	GlobalSection(SolutionConfigurationPlatforms) = preSolution
		Debug|Any CPU = Debug|Any CPU
		Release|Any CPU = Release|Any CPU
	EndGlobalSection
	GlobalSection(ProjectConfigurationPlatforms) = postSolution
		{3C2ED6C7-B5B4-43C0-BAC3-F2D5805D4231}.Debug|Any CPU.ActiveCfg = Debug|Any CPU
		{3C2ED6C7-B5B4-43C0-BAC3-F2D5805D4231}.Debug|Any CPU.Build.0 = Debug|Any CPU
		{3C2ED6C7-B5B4-43C0-BAC3-F2D5805D4231}.Release|Any CPU.ActiveCfg = Release|Any CPU
		{3C2ED6C7-B5B4-43C0-BAC3-F2D5805D4231}.Release|Any CPU.Build.0 = Release|Any CPU
		{BB101F4E-25B9-4564-A4DD-CB0D85EC6995}.Debug|Any CPU.ActiveCfg = Debug|Any CPU
		{BB101F4E-25B9-4564-A4DD-CB0D85EC6995}.Debug|Any CPU.Build.0 = Debug|Any CPU
		{BB101F4E-25B9-4564-A4DD-CB0D85EC6995}.Release|Any CPU.ActiveCfg = Release|Any CPU
		{BB101F4E-25B9-4564-A4DD-CB0D85EC6995}.Release|Any CPU.Build.0 = Release|Any CPU
		{8EFBC48B-23EE-47FA-A6C6-ED345D55F9B2}.Debug|Any CPU.ActiveCfg = Debug|Any CPU
		{8EFBC48B-23EE-47FA-A6C6-ED345D55F9B2}.Debug|Any CPU.Build.0 = Debug|Any CPU
		{8EFBC48B-23EE-47FA-A6C6-ED345D55F9B2}.Release|Any CPU.ActiveCfg = Release|Any CPU
		{8EFBC48B-23EE-47FA-A6C6-ED345D55F9B2}.Release|Any CPU.Build.0 = Release|Any CPU
		{32CF119A-1CEE-407F-B8A4-9515F84462F1}.Debug|Any CPU.ActiveCfg = Debug|Any CPU
		{32CF119A-1CEE-407F-B8A4-9515F84462F1}.Debug|Any CPU.Build.0 = Debug|Any CPU
		{32CF119A-1CEE-407F-B8A4-9515F84462F1}.Release|Any CPU.ActiveCfg = Release|Any CPU
		{32CF119A-1CEE-407F-B8A4-9515F84462F1}.Release|Any CPU.Build.0 = Release|Any CPU
		{1A5FBA2A-C53C-47C2-8389-CE6D56053385}.Debug|Any CPU.ActiveCfg = Debug|Any CPU
		{1A5FBA2A-C53C-47C2-8389-CE6D56053385}.Debug|Any CPU.Build.0 = Debug|Any CPU
		{1A5FBA2A-C53C-47C2-8389-CE6D56053385}.Release|Any CPU.ActiveCfg = Release|Any CPU
		{1A5FBA2A-C53C-47C2-8389-CE6D56053385}.Release|Any CPU.Build.0 = Release|Any CPU
	EndGlobalSection
	GlobalSection(SolutionProperties) = preSolution
		HideSolutionNode = FALSE
	EndGlobalSection
	GlobalSection(ExtensibilityGlobals) = postSolution
		SolutionGuid = {379F4575-83F9-4159-A244-CF31A796A848}
	EndGlobalSection
EndGlobal
